
Microsoft Visual Studio Solution File, Format Version 12.00
# Visual Studio Version 16
VisualStudioVersion = 16.0.29009.5
MinimumVisualStudioVersion = 10.0.40219.1
Project("{FAE04EC0-301F-11D3-BF4B-00C04F79EFBC}") = "LanOil", "LanOil\LanOil.csproj", "{06602137-556C-47CD-8D19-AFE3B0A4027A}"
EndProject
Global
	GlobalSection(SolutionConfigurationPlatforms) = preSolution
		Debug|Any CPU = Debug|Any CPU
		Release|Any CPU = Release|Any CPU
	EndGlobalSection
	GlobalSection(ProjectConfigurationPlatforms) = postSolution
		{06602137-556C-47CD-8D19-AFE3B0A4027A}.Debug|Any CPU.ActiveCfg = Debug|Any CPU
		{06602137-556C-47CD-8D19-AFE3B0A4027A}.Debug|Any CPU.Build.0 = Debug|Any CPU
		{06602137-556C-47CD-8D19-AFE3B0A4027A}.Release|Any CPU.ActiveCfg = Release|Any CPU
		{06602137-556C-47CD-8D19-AFE3B0A4027A}.Release|Any CPU.Build.0 = Release|Any CPU
	EndGlobalSection
	GlobalSection(SolutionProperties) = preSolution
		HideSolutionNode = FALSE
	EndGlobalSection
	GlobalSection(ExtensibilityGlobals) = postSolution
		SolutionGuid = {B9EE373A-DFA5-4070-A289-D49C56AADFE2}
	EndGlobalSection
EndGlobal
